
Microsoft Visual Studio Solution File, Format Version 11.00
# Visual Studio 2010
Project("{8BC9CEB8-8B4A-11D0-8D11-00A0C91BC942}") = "Test", "Test\Test.vcxproj", "{B9B8A90A-53CA-4D34-A2E1-071F976D24EC}"
EndProject
Global
	GlobalSection(SolutionConfigurationPlatforms) = preSolution
		Debug|Win32 = Debug|Win32
		Release|Win32 = Release|Win32
	EndGlobalSection
	GlobalSection(ProjectConfigurationPlatforms) = postSolution
		{B9B8A90A-53CA-4D34-A2E1-071F976D24EC}.Debug|Win32.ActiveCfg = Debug|Win32
		{B9B8A90A-53CA-4D34-A2E1-071F976D24EC}.Debug|Win32.Build.0 = Debug|Win32
		{B9B8A90A-53CA-4D34-A2E1-071F976D24EC}.Release|Win32.ActiveCfg = Release|Win32
		{B9B8A90A-53CA-4D34-A2E1-071F976D24EC}.Release|Win32.Build.0 = Release|Win32
	EndGlobalSection
	GlobalSection(SolutionProperties) = preSolution
		HideSolutionNode = FALSE
	EndGlobalSection
EndGlobal
